
Microsoft Visual Studio Solution File, Format Version 12.00
# Visual Studio 2013
VisualStudioVersion = 12.0.21005.1
MinimumVisualStudioVersion = 10.0.40219.1
Project("{FAE04EC0-301F-11D3-BF4B-00C04F79EFBC}") = "Assignment6", "Assignment5\Assignment6.csproj", "{E8EDD635-9921-487F-B8A3-D2ACF76A56A6}"
EndProject
Project("{FAE04EC0-301F-11D3-BF4B-00C04F79EFBC}") = "DAL", "DAL\DAL.csproj", "{04B21538-069A-4391-A755-0C90B0CC363D}"
EndProject
Project("{FAE04EC0-301F-11D3-BF4B-00C04F79EFBC}") = "Entities", "Entities\Entities.csproj", "{9FEBEABD-A600-4399-B1D0-082D576C5592}"
EndProject
Global
	GlobalSection(SolutionConfigurationPlatforms) = preSolution
		Debug|Any CPU = Debug|Any CPU
		Release|Any CPU = Release|Any CPU
	EndGlobalSection
	GlobalSection(ProjectConfigurationPlatforms) = postSolution
		{E8EDD635-9921-487F-B8A3-D2ACF76A56A6}.Debug|Any CPU.ActiveCfg = Debug|Any CPU
		{E8EDD635-9921-487F-B8A3-D2ACF76A56A6}.Debug|Any CPU.Build.0 = Debug|Any CPU
		{E8EDD635-9921-487F-B8A3-D2ACF76A56A6}.Release|Any CPU.ActiveCfg = Release|Any CPU
		{E8EDD635-9921-487F-B8A3-D2ACF76A56A6}.Release|Any CPU.Build.0 = Release|Any CPU
		{04B21538-069A-4391-A755-0C90B0CC363D}.Debug|Any CPU.ActiveCfg = Debug|Any CPU
		{04B21538-069A-4391-A755-0C90B0CC363D}.Debug|Any CPU.Build.0 = Debug|Any CPU
		{04B21538-069A-4391-A755-0C90B0CC363D}.Release|Any CPU.ActiveCfg = Release|Any CPU
		{04B21538-069A-4391-A755-0C90B0CC363D}.Release|Any CPU.Build.0 = Release|Any CPU
		{9FEBEABD-A600-4399-B1D0-082D576C5592}.Debug|Any CPU.ActiveCfg = Debug|Any CPU
		{9FEBEABD-A600-4399-B1D0-082D576C5592}.Debug|Any CPU.Build.0 = Debug|Any CPU
		{9FEBEABD-A600-4399-B1D0-082D576C5592}.Release|Any CPU.ActiveCfg = Release|Any CPU
		{9FEBEABD-A600-4399-B1D0-082D576C5592}.Release|Any CPU.Build.0 = Release|Any CPU
	EndGlobalSection
	GlobalSection(SolutionProperties) = preSolution
		HideSolutionNode = FALSE
	EndGlobalSection
EndGlobal
